
Microsoft Visual Studio Solution File, Format Version 12.00
# Visual Studio Version 17
VisualStudioVersion = 17.5.002.0
MinimumVisualStudioVersion = 10.0.40219.1
Project("{9A19103F-16F7-4668-BE54-9A1E7A4F7556}") = "TaskManager", "TaskManager.csproj", "{D60C3DDF-7870-4869-AB2F-E821E0C2F502}"
EndProject
Global
	GlobalSection(SolutionConfigurationPlatforms) = preSolution
		Debug|Any CPU = Debug|Any CPU
		Release|Any CPU = Release|Any CPU
	EndGlobalSection
	GlobalSection(ProjectConfigurationPlatforms) = postSolution
		{D60C3DDF-7870-4869-AB2F-E821E0C2F502}.Debug|Any CPU.ActiveCfg = Debug|Any CPU
		{D60C3DDF-7870-4869-AB2F-E821E0C2F502}.Debug|Any CPU.Build.0 = Debug|Any CPU
		{D60C3DDF-7870-4869-AB2F-E821E0C2F502}.Release|Any CPU.ActiveCfg = Release|Any CPU
		{D60C3DDF-7870-4869-AB2F-E821E0C2F502}.Release|Any CPU.Build.0 = Release|Any CPU
	EndGlobalSection
	GlobalSection(SolutionProperties) = preSolution
		HideSolutionNode = FALSE
	EndGlobalSection
	GlobalSection(ExtensibilityGlobals) = postSolution
		SolutionGuid = {C6B58E6A-40E7-4838-B219-2701AB2900F0}
	EndGlobalSection
EndGlobal
